
Microsoft Visual Studio Solution File, Format Version 12.00
# Visual Studio Version 17
VisualStudioVersion = 17.10.34814.14
MinimumVisualStudioVersion = 10.0.40219.1
Project("{9A19103F-16F7-4668-BE54-9A1E7A4F7556}") = "SuperShop", "SuperShop\SuperShop.csproj", "{C52FA9E7-92B1-4EBF-8F14-B6940C3DB6AA}"
EndProject
Project("{FAE04EC0-301F-11D3-BF4B-00C04F79EFBC}") = "SuperShop.Prism", "SuperShop.Prism\SuperShop.Prism\SuperShop.Prism.csproj", "{1CAA594A-3177-4014-B93E-D6634F14B1A2}"
EndProject
Project("{FAE04EC0-301F-11D3-BF4B-00C04F79EFBC}") = "SuperShop.Prism.Android", "SuperShop.Prism\SuperShop.Prism.Android\SuperShop.Prism.Android.csproj", "{55C0EEBF-BE83-4A1F-A082-63CC6DAE43FE}"
EndProject
Project("{FAE04EC0-301F-11D3-BF4B-00C04F79EFBC}") = "SuperShop.Prism.iOS", "SuperShop.Prism\SuperShop.Prism.iOS\SuperShop.Prism.iOS.csproj", "{466F6821-5528-410D-BE3A-61D96859EE9C}"
EndProject
Global
	GlobalSection(SolutionConfigurationPlatforms) = preSolution
		Ad-Hoc|Any CPU = Ad-Hoc|Any CPU
		Ad-Hoc|iPhone = Ad-Hoc|iPhone
		Ad-Hoc|iPhoneSimulator = Ad-Hoc|iPhoneSimulator
		AppStore|Any CPU = AppStore|Any CPU
		AppStore|iPhone = AppStore|iPhone
		AppStore|iPhoneSimulator = AppStore|iPhoneSimulator
		Debug|Any CPU = Debug|Any CPU
		Debug|iPhone = Debug|iPhone
		Debug|iPhoneSimulator = Debug|iPhoneSimulator
		Release|Any CPU = Release|Any CPU
		Release|iPhone = Release|iPhone
		Release|iPhoneSimulator = Release|iPhoneSimulator
	EndGlobalSection
	GlobalSection(ProjectConfigurationPlatforms) = postSolution
		{C52FA9E7-92B1-4EBF-8F14-B6940C3DB6AA}.Ad-Hoc|Any CPU.ActiveCfg = Release|Any CPU
		{C52FA9E7-92B1-4EBF-8F14-B6940C3DB6AA}.Ad-Hoc|Any CPU.Build.0 = Release|Any CPU
		{C52FA9E7-92B1-4EBF-8F14-B6940C3DB6AA}.Ad-Hoc|iPhone.ActiveCfg = Release|Any CPU
		{C52FA9E7-92B1-4EBF-8F14-B6940C3DB6AA}.Ad-Hoc|iPhone.Build.0 = Release|Any CPU
		{C52FA9E7-92B1-4EBF-8F14-B6940C3DB6AA}.Ad-Hoc|iPhoneSimulator.ActiveCfg = Release|Any CPU
		{C52FA9E7-92B1-4EBF-8F14-B6940C3DB6AA}.Ad-Hoc|iPhoneSimulator.Build.0 = Release|Any CPU
		{C52FA9E7-92B1-4EBF-8F14-B6940C3DB6AA}.AppStore|Any CPU.ActiveCfg = Release|Any CPU
		{C52FA9E7-92B1-4EBF-8F14-B6940C3DB6AA}.AppStore|Any CPU.Build.0 = Release|Any CPU
		{C52FA9E7-92B1-4EBF-8F14-B6940C3DB6AA}.AppStore|iPhone.ActiveCfg = Release|Any CPU
		{C52FA9E7-92B1-4EBF-8F14-B6940C3DB6AA}.AppStore|iPhone.Build.0 = Release|Any CPU
		{C52FA9E7-92B1-4EBF-8F14-B6940C3DB6AA}.AppStore|iPhoneSimulator.ActiveCfg = Release|Any CPU
		{C52FA9E7-92B1-4EBF-8F14-B6940C3DB6AA}.AppStore|iPhoneSimulator.Build.0 = Release|Any CPU
		{C52FA9E7-92B1-4EBF-8F14-B6940C3DB6AA}.Debug|Any CPU.ActiveCfg = Debug|Any CPU
		{C52FA9E7-92B1-4EBF-8F14-B6940C3DB6AA}.Debug|Any CPU.Build.0 = Debug|Any CPU
		{C52FA9E7-92B1-4EBF-8F14-B6940C3DB6AA}.Debug|iPhone.ActiveCfg = Debug|Any CPU
		{C52FA9E7-92B1-4EBF-8F14-B6940C3DB6AA}.Debug|iPhone.Build.0 = Debug|Any CPU
		{C52FA9E7-92B1-4EBF-8F14-B6940C3DB6AA}.Debug|iPhoneSimulator.ActiveCfg = Debug|Any CPU
		{C52FA9E7-92B1-4EBF-8F14-B6940C3DB6AA}.Debug|iPhoneSimulator.Build.0 = Debug|Any CPU
		{C52FA9E7-92B1-4EBF-8F14-B6940C3DB6AA}.Release|Any CPU.ActiveCfg = Release|Any CPU
		{C52FA9E7-92B1-4EBF-8F14-B6940C3DB6AA}.Release|Any CPU.Build.0 = Release|Any CPU
		{C52FA9E7-92B1-4EBF-8F14-B6940C3DB6AA}.Release|iPhone.ActiveCfg = Release|Any CPU
		{C52FA9E7-92B1-4EBF-8F14-B6940C3DB6AA}.Release|iPhone.Build.0 = Release|Any CPU
		{C52FA9E7-92B1-4EBF-8F14-B6940C3DB6AA}.Release|iPhoneSimulator.ActiveCfg = Release|Any CPU
		{C52FA9E7-92B1-4EBF-8F14-B6940C3DB6AA}.Release|iPhoneSimulator.Build.0 = Release|Any CPU
		{1CAA594A-3177-4014-B93E-D6634F14B1A2}.Ad-Hoc|Any CPU.ActiveCfg = Debug|Any CPU
		{1CAA594A-3177-4014-B93E-D6634F14B1A2}.Ad-Hoc|Any CPU.Build.0 = Debug|Any CPU
		{1CAA594A-3177-4014-B93E-D6634F14B1A2}.Ad-Hoc|iPhone.ActiveCfg = Debug|Any CPU
		{1CAA594A-3177-4014-B93E-D6634F14B1A2}.Ad-Hoc|iPhone.Build.0 = Debug|Any CPU
		{1CAA594A-3177-4014-B93E-D6634F14B1A2}.Ad-Hoc|iPhoneSimulator.ActiveCfg = Debug|Any CPU
		{1CAA594A-3177-4014-B93E-D6634F14B1A2}.Ad-Hoc|iPhoneSimulator.Build.0 = Debug|Any CPU
		{1CAA594A-3177-4014-B93E-D6634F14B1A2}.AppStore|Any CPU.ActiveCfg = Debug|Any CPU
		{1CAA594A-3177-4014-B93E-D6634F14B1A2}.AppStore|Any CPU.Build.0 = Debug|Any CPU
		{1CAA594A-3177-4014-B93E-D6634F14B1A2}.AppStore|iPhone.ActiveCfg = Debug|Any CPU
		{1CAA594A-3177-4014-B93E-D6634F14B1A2}.AppStore|iPhone.Build.0 = Debug|Any CPU
		{1CAA594A-3177-4014-B93E-D6634F14B1A2}.AppStore|iPhoneSimulator.ActiveCfg = Debug|Any CPU
		{1CAA594A-3177-4014-B93E-D6634F14B1A2}.AppStore|iPhoneSimulator.Build.0 = Debug|Any CPU
		{1CAA594A-3177-4014-B93E-D6634F14B1A2}.Debug|Any CPU.ActiveCfg = Debug|Any CPU
		{1CAA594A-3177-4014-B93E-D6634F14B1A2}.Debug|Any CPU.Build.0 = Debug|Any CPU
		{1CAA594A-3177-4014-B93E-D6634F14B1A2}.Debug|iPhone.ActiveCfg = Debug|Any CPU
		{1CAA594A-3177-4014-B93E-D6634F14B1A2}.Debug|iPhone.Build.0 = Debug|Any CPU
		{1CAA594A-3177-4014-B93E-D6634F14B1A2}.Debug|iPhoneSimulator.ActiveCfg = Debug|Any CPU
		{1CAA594A-3177-4014-B93E-D6634F14B1A2}.Debug|iPhoneSimulator.Build.0 = Debug|Any CPU
		{1CAA594A-3177-4014-B93E-D6634F14B1A2}.Release|Any CPU.ActiveCfg = Release|Any CPU
		{1CAA594A-3177-4014-B93E-D6634F14B1A2}.Release|Any CPU.Build.0 = Release|Any CPU
		{1CAA594A-3177-4014-B93E-D6634F14B1A2}.Release|iPhone.ActiveCfg = Release|Any CPU
		{1CAA594A-3177-4014-B93E-D6634F14B1A2}.Release|iPhone.Build.0 = Release|Any CPU
		{1CAA594A-3177-4014-B93E-D6634F14B1A2}.Release|iPhoneSimulator.ActiveCfg = Release|Any CPU
		{1CAA594A-3177-4014-B93E-D6634F14B1A2}.Release|iPhoneSimulator.Build.0 = Release|Any CPU
		{55C0EEBF-BE83-4A1F-A082-63CC6DAE43FE}.Ad-Hoc|Any CPU.ActiveCfg = Debug|Any CPU
		{55C0EEBF-BE83-4A1F-A082-63CC6DAE43FE}.Ad-Hoc|Any CPU.Build.0 = Debug|Any CPU
		{55C0EEBF-BE83-4A1F-A082-63CC6DAE43FE}.Ad-Hoc|Any CPU.Deploy.0 = Debug|Any CPU
		{55C0EEBF-BE83-4A1F-A082-63CC6DAE43FE}.Ad-Hoc|iPhone.ActiveCfg = Debug|Any CPU
		{55C0EEBF-BE83-4A1F-A082-63CC6DAE43FE}.Ad-Hoc|iPhone.Build.0 = Debug|Any CPU
		{55C0EEBF-BE83-4A1F-A082-63CC6DAE43FE}.Ad-Hoc|iPhone.Deploy.0 = Debug|Any CPU
		{55C0EEBF-BE83-4A1F-A082-63CC6DAE43FE}.Ad-Hoc|iPhoneSimulator.ActiveCfg = Debug|Any CPU
		{55C0EEBF-BE83-4A1F-A082-63CC6DAE43FE}.Ad-Hoc|iPhoneSimulator.Build.0 = Debug|Any CPU
		{55C0EEBF-BE83-4A1F-A082-63CC6DAE43FE}.Ad-Hoc|iPhoneSimulator.Deploy.0 = Debug|Any CPU
		{55C0EEBF-BE83-4A1F-A082-63CC6DAE43FE}.AppStore|Any CPU.ActiveCfg = Debug|Any CPU
		{55C0EEBF-BE83-4A1F-A082-63CC6DAE43FE}.AppStore|Any CPU.Build.0 = Debug|Any CPU
		{55C0EEBF-BE83-4A1F-A082-63CC6DAE43FE}.AppStore|Any CPU.Deploy.0 = Debug|Any CPU
		{55C0EEBF-BE83-4A1F-A082-63CC6DAE43FE}.AppStore|iPhone.ActiveCfg = Debug|Any CPU
		{55C0EEBF-BE83-4A1F-A082-63CC6DAE43FE}.AppStore|iPhone.Build.0 = Debug|Any CPU
		{55C0EEBF-BE83-4A1F-A082-63CC6DAE43FE}.AppStore|iPhone.Deploy.0 = Debug|Any CPU
		{55C0EEBF-BE83-4A1F-A082-63CC6DAE43FE}.AppStore|iPhoneSimulator.ActiveCfg = Debug|Any CPU
		{55C0EEBF-BE83-4A1F-A082-63CC6DAE43FE}.AppStore|iPhoneSimulator.Build.0 = Debug|Any CPU
		{55C0EEBF-BE83-4A1F-A082-63CC6DAE43FE}.AppStore|iPhoneSimulator.Deploy.0 = Debug|Any CPU
		{55C0EEBF-BE83-4A1F-A082-63CC6DAE43FE}.Debug|Any CPU.ActiveCfg = Debug|Any CPU
		{55C0EEBF-BE83-4A1F-A082-63CC6DAE43FE}.Debug|Any CPU.Build.0 = Debug|Any CPU
		{55C0EEBF-BE83-4A1F-A082-63CC6DAE43FE}.Debug|Any CPU.Deploy.0 = Debug|Any CPU
		{55C0EEBF-BE83-4A1F-A082-63CC6DAE43FE}.Debug|iPhone.ActiveCfg = Debug|Any CPU
		{55C0EEBF-BE83-4A1F-A082-63CC6DAE43FE}.Debug|iPhone.Build.0 = Debug|Any CPU
		{55C0EEBF-BE83-4A1F-A082-63CC6DAE43FE}.Debug|iPhone.Deploy.0 = Debug|Any CPU
		{55C0EEBF-BE83-4A1F-A082-63CC6DAE43FE}.Debug|iPhoneSimulator.ActiveCfg = Debug|Any CPU
		{55C0EEBF-BE83-4A1F-A082-63CC6DAE43FE}.Debug|iPhoneSimulator.Build.0 = Debug|Any CPU
		{55C0EEBF-BE83-4A1F-A082-63CC6DAE43FE}.Debug|iPhoneSimulator.Deploy.0 = Debug|Any CPU
		{55C0EEBF-BE83-4A1F-A082-63CC6DAE43FE}.Release|Any CPU.ActiveCfg = Release|Any CPU
		{55C0EEBF-BE83-4A1F-A082-63CC6DAE43FE}.Release|Any CPU.Build.0 = Release|Any CPU
		{55C0EEBF-BE83-4A1F-A082-63CC6DAE43FE}.Release|Any CPU.Deploy.0 = Release|Any CPU
		{55C0EEBF-BE83-4A1F-A082-63CC6DAE43FE}.Release|iPhone.ActiveCfg = Release|Any CPU
		{55C0EEBF-BE83-4A1F-A082-63CC6DAE43FE}.Release|iPhone.Build.0 = Release|Any CPU
		{55C0EEBF-BE83-4A1F-A082-63CC6DAE43FE}.Release|iPhone.Deploy.0 = Release|Any CPU
		{55C0EEBF-BE83-4A1F-A082-63CC6DAE43FE}.Release|iPhoneSimulator.ActiveCfg = Release|Any CPU
		{55C0EEBF-BE83-4A1F-A082-63CC6DAE43FE}.Release|iPhoneSimulator.Build.0 = Release|Any CPU
		{55C0EEBF-BE83-4A1F-A082-63CC6DAE43FE}.Release|iPhoneSimulator.Deploy.0 = Release|Any CPU
		{466F6821-5528-410D-BE3A-61D96859EE9C}.Ad-Hoc|Any CPU.ActiveCfg = Ad-Hoc|iPhoneSimulator
		{466F6821-5528-410D-BE3A-61D96859EE9C}.Ad-Hoc|Any CPU.Build.0 = Ad-Hoc|iPhoneSimulator
		{466F6821-5528-410D-BE3A-61D96859EE9C}.Ad-Hoc|iPhone.ActiveCfg = Ad-Hoc|iPhone
		{466F6821-5528-410D-BE3A-61D96859EE9C}.Ad-Hoc|iPhone.Build.0 = Ad-Hoc|iPhone
		{466F6821-5528-410D-BE3A-61D96859EE9C}.Ad-Hoc|iPhoneSimulator.ActiveCfg = Ad-Hoc|iPhoneSimulator
		{466F6821-5528-410D-BE3A-61D96859EE9C}.Ad-Hoc|iPhoneSimulator.Build.0 = Ad-Hoc|iPhoneSimulator
		{466F6821-5528-410D-BE3A-61D96859EE9C}.AppStore|Any CPU.ActiveCfg = AppStore|iPhoneSimulator
		{466F6821-5528-410D-BE3A-61D96859EE9C}.AppStore|Any CPU.Build.0 = AppStore|iPhoneSimulator
		{466F6821-5528-410D-BE3A-61D96859EE9C}.AppStore|iPhone.ActiveCfg = AppStore|iPhone
		{466F6821-5528-410D-BE3A-61D96859EE9C}.AppStore|iPhone.Build.0 = AppStore|iPhone
		{466F6821-5528-410D-BE3A-61D96859EE9C}.AppStore|iPhoneSimulator.ActiveCfg = AppStore|iPhoneSimulator
		{466F6821-5528-410D-BE3A-61D96859EE9C}.AppStore|iPhoneSimulator.Build.0 = AppStore|iPhoneSimulator
		{466F6821-5528-410D-BE3A-61D96859EE9C}.Debug|Any CPU.ActiveCfg = Debug|iPhoneSimulator
		{466F6821-5528-410D-BE3A-61D96859EE9C}.Debug|Any CPU.Build.0 = Debug|iPhoneSimulator
		{466F6821-5528-410D-BE3A-61D96859EE9C}.Debug|iPhone.ActiveCfg = Debug|iPhone
		{466F6821-5528-410D-BE3A-61D96859EE9C}.Debug|iPhone.Build.0 = Debug|iPhone
		{466F6821-5528-410D-BE3A-61D96859EE9C}.Debug|iPhoneSimulator.ActiveCfg = Debug|iPhoneSimulator
		{466F6821-5528-410D-BE3A-61D96859EE9C}.Debug|iPhoneSimulator.Build.0 = Debug|iPhoneSimulator
		{466F6821-5528-410D-BE3A-61D96859EE9C}.Release|Any CPU.ActiveCfg = Release|iPhoneSimulator
		{466F6821-5528-410D-BE3A-61D96859EE9C}.Release|Any CPU.Build.0 = Release|iPhoneSimulator
		{466F6821-5528-410D-BE3A-61D96859EE9C}.Release|iPhone.ActiveCfg = Release|iPhone
		{466F6821-5528-410D-BE3A-61D96859EE9C}.Release|iPhone.Build.0 = Release|iPhone
		{466F6821-5528-410D-BE3A-61D96859EE9C}.Release|iPhoneSimulator.ActiveCfg = Release|iPhoneSimulator
		{466F6821-5528-410D-BE3A-61D96859EE9C}.Release|iPhoneSimulator.Build.0 = Release|iPhoneSimulator
	EndGlobalSection
	GlobalSection(SolutionProperties) = preSolution
		HideSolutionNode = FALSE
	EndGlobalSection
	GlobalSection(ExtensibilityGlobals) = postSolution
		SolutionGuid = {E5D1FA81-A7D7-4B18-B13E-48D5CE68EC13}
	EndGlobalSection
EndGlobal
